
Microsoft Visual Studio Solution File, Format Version 12.00
# Visual Studio Version 16
VisualStudioVersion = 16.0.32126.315
MinimumVisualStudioVersion = 10.0.40219.1
Project("{FAE04EC0-301F-11D3-BF4B-00C04F79EFBC}") = "예제_3", "예제_3\예제_3.csproj", "{A21F4F5D-AC14-4305-B18A-20DD20D9FB87}"
EndProject
Global
	GlobalSection(SolutionConfigurationPlatforms) = preSolution
		Debug|Any CPU = Debug|Any CPU
		Release|Any CPU = Release|Any CPU
	EndGlobalSection
	GlobalSection(ProjectConfigurationPlatforms) = postSolution
		{A21F4F5D-AC14-4305-B18A-20DD20D9FB87}.Debug|Any CPU.ActiveCfg = Debug|Any CPU
		{A21F4F5D-AC14-4305-B18A-20DD20D9FB87}.Debug|Any CPU.Build.0 = Debug|Any CPU
		{A21F4F5D-AC14-4305-B18A-20DD20D9FB87}.Release|Any CPU.ActiveCfg = Release|Any CPU
		{A21F4F5D-AC14-4305-B18A-20DD20D9FB87}.Release|Any CPU.Build.0 = Release|Any CPU
	EndGlobalSection
	GlobalSection(SolutionProperties) = preSolution
		HideSolutionNode = FALSE
	EndGlobalSection
	GlobalSection(ExtensibilityGlobals) = postSolution
		SolutionGuid = {26E8A5B2-0E46-4222-B0C8-22CD95E1A0F0}
	EndGlobalSection
EndGlobal
