
Microsoft Visual Studio Solution File, Format Version 12.00
# Visual Studio Version 16
VisualStudioVersion = 16.0.32126.315
MinimumVisualStudioVersion = 10.0.40219.1
Project("{FAE04EC0-301F-11D3-BF4B-00C04F79EFBC}") = "7)Array", "7)Array\7)Array.csproj", "{D888DECD-2C49-4CF7-990A-87D422FC9FAF}"
EndProject
Global
	GlobalSection(SolutionConfigurationPlatforms) = preSolution
		Debug|Any CPU = Debug|Any CPU
		Release|Any CPU = Release|Any CPU
	EndGlobalSection
	GlobalSection(ProjectConfigurationPlatforms) = postSolution
		{D888DECD-2C49-4CF7-990A-87D422FC9FAF}.Debug|Any CPU.ActiveCfg = Debug|Any CPU
		{D888DECD-2C49-4CF7-990A-87D422FC9FAF}.Debug|Any CPU.Build.0 = Debug|Any CPU
		{D888DECD-2C49-4CF7-990A-87D422FC9FAF}.Release|Any CPU.ActiveCfg = Release|Any CPU
		{D888DECD-2C49-4CF7-990A-87D422FC9FAF}.Release|Any CPU.Build.0 = Release|Any CPU
	EndGlobalSection
	GlobalSection(SolutionProperties) = preSolution
		HideSolutionNode = FALSE
	EndGlobalSection
	GlobalSection(ExtensibilityGlobals) = postSolution
		SolutionGuid = {CB81FE32-4B5B-46EA-B947-6FD5E8C0C91C}
	EndGlobalSection
EndGlobal
