
Microsoft Visual Studio Solution File, Format Version 12.00
# Visual Studio Version 16
VisualStudioVersion = 16.0.32126.315
MinimumVisualStudioVersion = 10.0.40219.1
Project("{FAE04EC0-301F-11D3-BF4B-00C04F79EFBC}") = "Chapter11_1", "Chapter11_1\Chapter11_1.csproj", "{EBF2B341-4179-4181-9059-DC9319FB4CE7}"
EndProject
Global
	GlobalSection(SolutionConfigurationPlatforms) = preSolution
		Debug|Any CPU = Debug|Any CPU
		Release|Any CPU = Release|Any CPU
	EndGlobalSection
	GlobalSection(ProjectConfigurationPlatforms) = postSolution
		{EBF2B341-4179-4181-9059-DC9319FB4CE7}.Debug|Any CPU.ActiveCfg = Debug|Any CPU
		{EBF2B341-4179-4181-9059-DC9319FB4CE7}.Debug|Any CPU.Build.0 = Debug|Any CPU
		{EBF2B341-4179-4181-9059-DC9319FB4CE7}.Release|Any CPU.ActiveCfg = Release|Any CPU
		{EBF2B341-4179-4181-9059-DC9319FB4CE7}.Release|Any CPU.Build.0 = Release|Any CPU
	EndGlobalSection
	GlobalSection(SolutionProperties) = preSolution
		HideSolutionNode = FALSE
	EndGlobalSection
	GlobalSection(ExtensibilityGlobals) = postSolution
		SolutionGuid = {B3811932-7084-4016-AD92-F7B1BF90D50F}
	EndGlobalSection
EndGlobal
