
Microsoft Visual Studio Solution File, Format Version 12.00
# Visual Studio Version 16
VisualStudioVersion = 16.0.32126.315
MinimumVisualStudioVersion = 10.0.40219.1
Project("{FAE04EC0-301F-11D3-BF4B-00C04F79EFBC}") = "4)Operator", "4)Operator\4)Operator.csproj", "{B6F6BC9D-EB80-4FAD-8901-40C21F2F2CD9}"
EndProject
Global
	GlobalSection(SolutionConfigurationPlatforms) = preSolution
		Debug|Any CPU = Debug|Any CPU
		Release|Any CPU = Release|Any CPU
	EndGlobalSection
	GlobalSection(ProjectConfigurationPlatforms) = postSolution
		{B6F6BC9D-EB80-4FAD-8901-40C21F2F2CD9}.Debug|Any CPU.ActiveCfg = Debug|Any CPU
		{B6F6BC9D-EB80-4FAD-8901-40C21F2F2CD9}.Debug|Any CPU.Build.0 = Debug|Any CPU
		{B6F6BC9D-EB80-4FAD-8901-40C21F2F2CD9}.Release|Any CPU.ActiveCfg = Release|Any CPU
		{B6F6BC9D-EB80-4FAD-8901-40C21F2F2CD9}.Release|Any CPU.Build.0 = Release|Any CPU
	EndGlobalSection
	GlobalSection(SolutionProperties) = preSolution
		HideSolutionNode = FALSE
	EndGlobalSection
	GlobalSection(ExtensibilityGlobals) = postSolution
		SolutionGuid = {82D0148A-5764-48AA-98B3-0DCB32D46550}
	EndGlobalSection
EndGlobal
